// !$*UTF8*$!
{
	archiveVersion = 1;
	classes = {
	};
	objectVersion = 56;
	objects = {

/* Begin PBXBuildFile section */
		38149F382B1F59DC0001E48E /* TabViewController.swift in Sources */ = {isa = PBXBuildFile; fileRef = 38149F372B1F59DC0001E48E /* TabViewController.swift */; };
		38149F3A2B1F5A080001E48E /* FavoriteViewController.swift in Sources */ = {isa = PBXBuildFile; fileRef = 38149F392B1F5A080001E48E /* FavoriteViewController.swift */; };
		38149F3C2B1F5A1B0001E48E /* ProfileViewController.swift in Sources */ = {isa = PBXBuildFile; fileRef = 38149F3B2B1F5A1B0001E48E /* ProfileViewController.swift */; };
		38149F422B1F5BFA0001E48E /* Extension.swift in Sources */ = {isa = PBXBuildFile; fileRef = 38149F412B1F5BFA0001E48E /* Extension.swift */; };
		38149F452B1F60710001E48E /* Alamofire in Frameworks */ = {isa = PBXBuildFile; productRef = 38149F442B1F60710001E48E /* Alamofire */; };
		38149F482B1F607F0001E48E /* SnapKit in Frameworks */ = {isa = PBXBuildFile; productRef = 38149F472B1F607F0001E48E /* SnapKit */; };
		38149F4A2B1F607F0001E48E /* SnapKit-Dynamic in Frameworks */ = {isa = PBXBuildFile; productRef = 38149F492B1F607F0001E48E /* SnapKit-Dynamic */; };
		38149F4D2B1F608A0001E48E /* Kingfisher in Frameworks */ = {isa = PBXBuildFile; productRef = 38149F4C2B1F608A0001E48E /* Kingfisher */; };
		38149F4F2B1F61320001E48E /* NetworkManager.swift in Sources */ = {isa = PBXBuildFile; fileRef = 38149F4E2B1F61320001E48E /* NetworkManager.swift */; };
		38149F512B1F61A20001E48E /* MovieModels.swift in Sources */ = {isa = PBXBuildFile; fileRef = 38149F502B1F61A20001E48E /* MovieModels.swift */; };
		38149F532B1FBB630001E48E /* HomeCollectionViewCell.swift in Sources */ = {isa = PBXBuildFile; fileRef = 38149F522B1FBB630001E48E /* HomeCollectionViewCell.swift */; };
		38149F552B1FBBD00001E48E /* ImageLabelCell.swift in Sources */ = {isa = PBXBuildFile; fileRef = 38149F542B1FBBD00001E48E /* ImageLabelCell.swift */; };
		38149F572B1FBE470001E48E /* HomeViewModel.swift in Sources */ = {isa = PBXBuildFile; fileRef = 38149F562B1FBE470001E48E /* HomeViewModel.swift */; };
		38149F592B20CF960001E48E /* Kingfisher in Frameworks */ = {isa = PBXBuildFile; productRef = 38149F582B20CF960001E48E /* Kingfisher */; };
		38149F5B2B20D3480001E48E /* Kingfisher in Frameworks */ = {isa = PBXBuildFile; productRef = 38149F5A2B20D3480001E48E /* Kingfisher */; };
		382923A52B1B271C00783A11 /* AppDelegate.swift in Sources */ = {isa = PBXBuildFile; fileRef = 382923A42B1B271C00783A11 /* AppDelegate.swift */; };
		382923AE2B1B271E00783A11 /* Assets.xcassets in Resources */ = {isa = PBXBuildFile; fileRef = 382923AD2B1B271E00783A11 /* Assets.xcassets */; };
		382923B92B1B2D1A00783A11 /* HomeViewController.swift in Sources */ = {isa = PBXBuildFile; fileRef = 382923B82B1B2D1A00783A11 /* HomeViewController.swift */; };
		387664942B2107EA0057789B /* NetworkHelper.swift in Sources */ = {isa = PBXBuildFile; fileRef = 387664932B2107EA0057789B /* NetworkHelper.swift */; };
		387664DE2B2374A70057789B /* ActorViewController.swift in Sources */ = {isa = PBXBuildFile; fileRef = 387664DD2B2374A70057789B /* ActorViewController.swift */; };
		387664E02B2375920057789B /* ActorViewModel.swift in Sources */ = {isa = PBXBuildFile; fileRef = 387664DF2B2375920057789B /* ActorViewModel.swift */; };
		387664E22B23794F0057789B /* People.swift in Sources */ = {isa = PBXBuildFile; fileRef = 387664E12B23794F0057789B /* People.swift */; };
		387664E52B2653380057789B /* SearchViewController.swift in Sources */ = {isa = PBXBuildFile; fileRef = 387664E42B2653380057789B /* SearchViewController.swift */; };
		387664E72B2655A90057789B /* SearchViewModel.swift in Sources */ = {isa = PBXBuildFile; fileRef = 387664E62B2655A90057789B /* SearchViewModel.swift */; };
		387664E92B2655C10057789B /* SearchCollectionCell.swift in Sources */ = {isa = PBXBuildFile; fileRef = 387664E82B2655C10057789B /* SearchCollectionCell.swift */; };
		387664EF2B2A09900057789B /* ActorManager.swift in Sources */ = {isa = PBXBuildFile; fileRef = 387664EE2B2A09900057789B /* ActorManager.swift */; };
		387664F12B2A09A40057789B /* ActorListProtocol.swift in Sources */ = {isa = PBXBuildFile; fileRef = 387664F02B2A09A40057789B /* ActorListProtocol.swift */; };
		387664F32B2A0C830057789B /* MovieListProtocol.swift in Sources */ = {isa = PBXBuildFile; fileRef = 387664F22B2A0C830057789B /* MovieListProtocol.swift */; };
		387664F52B2A0DC90057789B /* HomeManager.swift in Sources */ = {isa = PBXBuildFile; fileRef = 387664F42B2A0DC90057789B /* HomeManager.swift */; };
		3899855E2B2B9BFE000DE664 /* MovieViewController.swift in Sources */ = {isa = PBXBuildFile; fileRef = 3899855D2B2B9BFE000DE664 /* MovieViewController.swift */; };
		389985602B2B9E2F000DE664 /* MovieViewModel.swift in Sources */ = {isa = PBXBuildFile; fileRef = 3899855F2B2B9E2F000DE664 /* MovieViewModel.swift */; };
		389985642B349E8C000DE664 /* MovieCells.swift in Sources */ = {isa = PBXBuildFile; fileRef = 389985632B349E8C000DE664 /* MovieCells.swift */; };
		38E29E732B3C2EAF0087735B /* MovieDetailsProtocol.swift in Sources */ = {isa = PBXBuildFile; fileRef = 38E29E722B3C2EAF0087735B /* MovieDetailsProtocol.swift */; };
		38E29E752B3C2ED50087735B /* MovieSearchProtocol.swift in Sources */ = {isa = PBXBuildFile; fileRef = 38E29E742B3C2ED50087735B /* MovieSearchProtocol.swift */; };
		38E29E772B3C2F070087735B /* HomeEndpoints.swift in Sources */ = {isa = PBXBuildFile; fileRef = 38E29E762B3C2F070087735B /* HomeEndpoints.swift */; };
		38E29E792B3C2FD80087735B /* ActorEndpoints.swift in Sources */ = {isa = PBXBuildFile; fileRef = 38E29E782B3C2FD80087735B /* ActorEndpoints.swift */; };
		38E29E7B2B3C30020087735B /* SearchEndpoints.swift in Sources */ = {isa = PBXBuildFile; fileRef = 38E29E7A2B3C30020087735B /* SearchEndpoints.swift */; };
		38FB34F82B40BFA200E9DA40 /* MovieDetailEndpoint.swift in Sources */ = {isa = PBXBuildFile; fileRef = 38FB34F72B40BFA200E9DA40 /* MovieDetailEndpoint.swift */; };
		38FB34FC2B41BBF500E9DA40 /* CastModel.swift in Sources */ = {isa = PBXBuildFile; fileRef = 38FB34FB2B41BBF500E9DA40 /* CastModel.swift */; };
		38FB34FE2B459F3700E9DA40 /* MovieDetailModel.swift in Sources */ = {isa = PBXBuildFile; fileRef = 38FB34FD2B459F3600E9DA40 /* MovieDetailModel.swift */; };
		38FB35022B47362100E9DA40 /* CastManager.swift in Sources */ = {isa = PBXBuildFile; fileRef = 38FB35012B47362100E9DA40 /* CastManager.swift */; };
		38FB35042B47365700E9DA40 /* CastProtocol.swift in Sources */ = {isa = PBXBuildFile; fileRef = 38FB35032B47365700E9DA40 /* CastProtocol.swift */; };
		38FB35062B47463E00E9DA40 /* MovieDetailManager.swift in Sources */ = {isa = PBXBuildFile; fileRef = 38FB35052B47463E00E9DA40 /* MovieDetailManager.swift */; };
		38FB35092B4EEBAB00E9DA40 /* ActorMoviesViewController.swift in Sources */ = {isa = PBXBuildFile; fileRef = 38FB35082B4EEBAB00E9DA40 /* ActorMoviesViewController.swift */; };
		38FB350B2B4EEBF800E9DA40 /* ActorMovieViewModel.swift in Sources */ = {isa = PBXBuildFile; fileRef = 38FB350A2B4EEBF800E9DA40 /* ActorMovieViewModel.swift */; };
/* End PBXBuildFile section */

/* Begin PBXFileReference section */
		38149F372B1F59DC0001E48E /* TabViewController.swift */ = {isa = PBXFileReference; lastKnownFileType = sourcecode.swift; path = TabViewController.swift; sourceTree = "<group>"; };
		38149F392B1F5A080001E48E /* FavoriteViewController.swift */ = {isa = PBXFileReference; lastKnownFileType = sourcecode.swift; path = FavoriteViewController.swift; sourceTree = "<group>"; };
		38149F3B2B1F5A1B0001E48E /* ProfileViewController.swift */ = {isa = PBXFileReference; lastKnownFileType = sourcecode.swift; path = ProfileViewController.swift; sourceTree = "<group>"; };
		38149F412B1F5BFA0001E48E /* Extension.swift */ = {isa = PBXFileReference; lastKnownFileType = sourcecode.swift; path = Extension.swift; sourceTree = "<group>"; };
		38149F4E2B1F61320001E48E /* NetworkManager.swift */ = {isa = PBXFileReference; lastKnownFileType = sourcecode.swift; path = NetworkManager.swift; sourceTree = "<group>"; };
		38149F502B1F61A20001E48E /* MovieModels.swift */ = {isa = PBXFileReference; lastKnownFileType = sourcecode.swift; path = MovieModels.swift; sourceTree = "<group>"; };
		38149F522B1FBB630001E48E /* HomeCollectionViewCell.swift */ = {isa = PBXFileReference; lastKnownFileType = sourcecode.swift; path = HomeCollectionViewCell.swift; sourceTree = "<group>"; };
		38149F542B1FBBD00001E48E /* ImageLabelCell.swift */ = {isa = PBXFileReference; lastKnownFileType = sourcecode.swift; path = ImageLabelCell.swift; sourceTree = "<group>"; };
		38149F562B1FBE470001E48E /* HomeViewModel.swift */ = {isa = PBXFileReference; lastKnownFileType = sourcecode.swift; path = HomeViewModel.swift; sourceTree = "<group>"; };
		382923A12B1B271C00783A11 /* MovieApp.app */ = {isa = PBXFileReference; explicitFileType = wrapper.application; includeInIndex = 0; path = MovieApp.app; sourceTree = BUILT_PRODUCTS_DIR; };
		382923A42B1B271C00783A11 /* AppDelegate.swift */ = {isa = PBXFileReference; lastKnownFileType = sourcecode.swift; path = AppDelegate.swift; sourceTree = "<group>"; };
		382923AD2B1B271E00783A11 /* Assets.xcassets */ = {isa = PBXFileReference; lastKnownFileType = folder.assetcatalog; path = Assets.xcassets; sourceTree = "<group>"; };
		382923B22B1B271E00783A11 /* Info.plist */ = {isa = PBXFileReference; lastKnownFileType = text.plist.xml; path = Info.plist; sourceTree = "<group>"; };
		382923B82B1B2D1A00783A11 /* HomeViewController.swift */ = {isa = PBXFileReference; lastKnownFileType = sourcecode.swift; path = HomeViewController.swift; sourceTree = "<group>"; };
		387664932B2107EA0057789B /* NetworkHelper.swift */ = {isa = PBXFileReference; lastKnownFileType = sourcecode.swift; path = NetworkHelper.swift; sourceTree = "<group>"; };
		387664DD2B2374A70057789B /* ActorViewController.swift */ = {isa = PBXFileReference; lastKnownFileType = sourcecode.swift; path = ActorViewController.swift; sourceTree = "<group>"; };
		387664DF2B2375920057789B /* ActorViewModel.swift */ = {isa = PBXFileReference; lastKnownFileType = sourcecode.swift; path = ActorViewModel.swift; sourceTree = "<group>"; };
		387664E12B23794F0057789B /* People.swift */ = {isa = PBXFileReference; lastKnownFileType = sourcecode.swift; path = People.swift; sourceTree = "<group>"; };
		387664E42B2653380057789B /* SearchViewController.swift */ = {isa = PBXFileReference; lastKnownFileType = sourcecode.swift; path = SearchViewController.swift; sourceTree = "<group>"; };
		387664E62B2655A90057789B /* SearchViewModel.swift */ = {isa = PBXFileReference; lastKnownFileType = sourcecode.swift; path = SearchViewModel.swift; sourceTree = "<group>"; };
		387664E82B2655C10057789B /* SearchCollectionCell.swift */ = {isa = PBXFileReference; lastKnownFileType = sourcecode.swift; path = SearchCollectionCell.swift; sourceTree = "<group>"; };
		387664EE2B2A09900057789B /* ActorManager.swift */ = {isa = PBXFileReference; lastKnownFileType = sourcecode.swift; path = ActorManager.swift; sourceTree = "<group>"; };
		387664F02B2A09A40057789B /* ActorListProtocol.swift */ = {isa = PBXFileReference; lastKnownFileType = sourcecode.swift; path = ActorListProtocol.swift; sourceTree = "<group>"; };
		387664F22B2A0C830057789B /* MovieListProtocol.swift */ = {isa = PBXFileReference; lastKnownFileType = sourcecode.swift; path = MovieListProtocol.swift; sourceTree = "<group>"; };
		387664F42B2A0DC90057789B /* HomeManager.swift */ = {isa = PBXFileReference; lastKnownFileType = sourcecode.swift; path = HomeManager.swift; sourceTree = "<group>"; };
		3899855D2B2B9BFE000DE664 /* MovieViewController.swift */ = {isa = PBXFileReference; lastKnownFileType = sourcecode.swift; path = MovieViewController.swift; sourceTree = "<group>"; };
		3899855F2B2B9E2F000DE664 /* MovieViewModel.swift */ = {isa = PBXFileReference; lastKnownFileType = sourcecode.swift; path = MovieViewModel.swift; sourceTree = "<group>"; };
		389985632B349E8C000DE664 /* MovieCells.swift */ = {isa = PBXFileReference; lastKnownFileType = sourcecode.swift; path = MovieCells.swift; sourceTree = "<group>"; };
		38E29E722B3C2EAF0087735B /* MovieDetailsProtocol.swift */ = {isa = PBXFileReference; lastKnownFileType = sourcecode.swift; path = MovieDetailsProtocol.swift; sourceTree = "<group>"; };
		38E29E742B3C2ED50087735B /* MovieSearchProtocol.swift */ = {isa = PBXFileReference; lastKnownFileType = sourcecode.swift; path = MovieSearchProtocol.swift; sourceTree = "<group>"; };
		38E29E762B3C2F070087735B /* HomeEndpoints.swift */ = {isa = PBXFileReference; lastKnownFileType = sourcecode.swift; path = HomeEndpoints.swift; sourceTree = "<group>"; };
		38E29E782B3C2FD80087735B /* ActorEndpoints.swift */ = {isa = PBXFileReference; lastKnownFileType = sourcecode.swift; path = ActorEndpoints.swift; sourceTree = "<group>"; };
		38E29E7A2B3C30020087735B /* SearchEndpoints.swift */ = {isa = PBXFileReference; lastKnownFileType = sourcecode.swift; path = SearchEndpoints.swift; sourceTree = "<group>"; };
		38FB34F72B40BFA200E9DA40 /* MovieDetailEndpoint.swift */ = {isa = PBXFileReference; lastKnownFileType = sourcecode.swift; path = MovieDetailEndpoint.swift; sourceTree = "<group>"; };
		38FB34FB2B41BBF500E9DA40 /* CastModel.swift */ = {isa = PBXFileReference; lastKnownFileType = sourcecode.swift; path = CastModel.swift; sourceTree = "<group>"; };
		38FB34FD2B459F3600E9DA40 /* MovieDetailModel.swift */ = {isa = PBXFileReference; lastKnownFileType = sourcecode.swift; path = MovieDetailModel.swift; sourceTree = "<group>"; };
		38FB35012B47362100E9DA40 /* CastManager.swift */ = {isa = PBXFileReference; lastKnownFileType = sourcecode.swift; path = CastManager.swift; sourceTree = "<group>"; };
		38FB35032B47365700E9DA40 /* CastProtocol.swift */ = {isa = PBXFileReference; lastKnownFileType = sourcecode.swift; path = CastProtocol.swift; sourceTree = "<group>"; };
		38FB35052B47463E00E9DA40 /* MovieDetailManager.swift */ = {isa = PBXFileReference; lastKnownFileType = sourcecode.swift; path = MovieDetailManager.swift; sourceTree = "<group>"; };
		38FB35082B4EEBAB00E9DA40 /* ActorMoviesViewController.swift */ = {isa = PBXFileReference; lastKnownFileType = sourcecode.swift; path = ActorMoviesViewController.swift; sourceTree = "<group>"; };
		38FB350A2B4EEBF800E9DA40 /* ActorMovieViewModel.swift */ = {isa = PBXFileReference; lastKnownFileType = sourcecode.swift; path = ActorMovieViewModel.swift; sourceTree = "<group>"; };
/* End PBXFileReference section */

/* Begin PBXFrameworksBuildPhase section */
		3829239E2B1B271C00783A11 /* Frameworks */ = {
			isa = PBXFrameworksBuildPhase;
			buildActionMask = 2147483647;
			files = (
				38149F5B2B20D3480001E48E /* Kingfisher in Frameworks */,
				38149F4D2B1F608A0001E48E /* Kingfisher in Frameworks */,
				38149F452B1F60710001E48E /* Alamofire in Frameworks */,
				38149F482B1F607F0001E48E /* SnapKit in Frameworks */,
				38149F4A2B1F607F0001E48E /* SnapKit-Dynamic in Frameworks */,
				38149F592B20CF960001E48E /* Kingfisher in Frameworks */,
			);
			runOnlyForDeploymentPostprocessing = 0;
		};
/* End PBXFrameworksBuildPhase section */

/* Begin PBXGroup section */
		38149F3D2B1F5B4C0001E48E /* Home */ = {
			isa = PBXGroup;
			children = (
				382923B82B1B2D1A00783A11 /* HomeViewController.swift */,
				38149F522B1FBB630001E48E /* HomeCollectionViewCell.swift */,
				38149F562B1FBE470001E48E /* HomeViewModel.swift */,
				38149F502B1F61A20001E48E /* MovieModels.swift */,
				38E29E762B3C2F070087735B /* HomeEndpoints.swift */,
			);
			path = Home;
			sourceTree = "<group>";
		};
		38149F3E2B1F5B680001E48E /* Favorites */ = {
			isa = PBXGroup;
			children = (
				38149F392B1F5A080001E48E /* FavoriteViewController.swift */,
			);
			path = Favorites;
			sourceTree = "<group>";
		};
		38149F3F2B1F5B7E0001E48E /* Profile */ = {
			isa = PBXGroup;
			children = (
				38149F3B2B1F5A1B0001E48E /* ProfileViewController.swift */,
			);
			path = Profile;
			sourceTree = "<group>";
		};
		38149F402B1F5BE20001E48E /* Model */ = {
			isa = PBXGroup;
			children = (
				38149F412B1F5BFA0001E48E /* Extension.swift */,
				38149F542B1FBBD00001E48E /* ImageLabelCell.swift */,
			);
			path = Model;
			sourceTree = "<group>";
		};
		382923982B1B271C00783A11 = {
			isa = PBXGroup;
			children = (
				382923A32B1B271C00783A11 /* MovieApp */,
				382923A22B1B271C00783A11 /* Products */,
			);
			sourceTree = "<group>";
		};
		382923A22B1B271C00783A11 /* Products */ = {
			isa = PBXGroup;
			children = (
				382923A12B1B271C00783A11 /* MovieApp.app */,
			);
			name = Products;
			sourceTree = "<group>";
		};
		382923A32B1B271C00783A11 /* MovieApp */ = {
			isa = PBXGroup;
			children = (
				382923A42B1B271C00783A11 /* AppDelegate.swift */,
				38149F372B1F59DC0001E48E /* TabViewController.swift */,
				387664922B2107D30057789B /* Network */,
				38149F402B1F5BE20001E48E /* Model */,
				387664EC2B2A08F80057789B /* Manager */,
				387664ED2B2A090C0057789B /* Protocols */,
				387664972B2108AC0057789B /* Scene */,
				382923AD2B1B271E00783A11 /* Assets.xcassets */,
				382923B22B1B271E00783A11 /* Info.plist */,
			);
			path = MovieApp;
			sourceTree = "<group>";
		};
		387664922B2107D30057789B /* Network */ = {
			isa = PBXGroup;
			children = (
				38149F4E2B1F61320001E48E /* NetworkManager.swift */,
				387664932B2107EA0057789B /* NetworkHelper.swift */,
			);
			path = Network;
			sourceTree = "<group>";
		};
		387664972B2108AC0057789B /* Scene */ = {
			isa = PBXGroup;
			children = (
				38149F3D2B1F5B4C0001E48E /* Home */,
				387664DA2B2373630057789B /* Actors */,
				387664E32B2653170057789B /* Search */,
				3899855C2B2B9B94000DE664 /* Movie */,
				38149F3E2B1F5B680001E48E /* Favorites */,
				38FB35072B4EEA8100E9DA40 /* ActorMovies */,
				38149F3F2B1F5B7E0001E48E /* Profile */,
			);
			path = Scene;
			sourceTree = "<group>";
		};
		387664DA2B2373630057789B /* Actors */ = {
			isa = PBXGroup;
			children = (
				387664DD2B2374A70057789B /* ActorViewController.swift */,
				387664DF2B2375920057789B /* ActorViewModel.swift */,
				387664E12B23794F0057789B /* People.swift */,
				38E29E782B3C2FD80087735B /* ActorEndpoints.swift */,
				38FB34FB2B41BBF500E9DA40 /* CastModel.swift */,
			);
			path = Actors;
			sourceTree = "<group>";
		};
		387664E32B2653170057789B /* Search */ = {
			isa = PBXGroup;
			children = (
				387664E42B2653380057789B /* SearchViewController.swift */,
				387664E62B2655A90057789B /* SearchViewModel.swift */,
				387664E82B2655C10057789B /* SearchCollectionCell.swift */,
				38E29E7A2B3C30020087735B /* SearchEndpoints.swift */,
			);
			path = Search;
			sourceTree = "<group>";
		};
		387664EC2B2A08F80057789B /* Manager */ = {
			isa = PBXGroup;
			children = (
				387664EE2B2A09900057789B /* ActorManager.swift */,
				387664F42B2A0DC90057789B /* HomeManager.swift */,
				38FB35012B47362100E9DA40 /* CastManager.swift */,
				38FB35052B47463E00E9DA40 /* MovieDetailManager.swift */,
			);
			path = Manager;
			sourceTree = "<group>";
		};
		387664ED2B2A090C0057789B /* Protocols */ = {
			isa = PBXGroup;
			children = (
				387664F22B2A0C830057789B /* MovieListProtocol.swift */,
				38E29E722B3C2EAF0087735B /* MovieDetailsProtocol.swift */,
				38E29E742B3C2ED50087735B /* MovieSearchProtocol.swift */,
				387664F02B2A09A40057789B /* ActorListProtocol.swift */,
				38FB35032B47365700E9DA40 /* CastProtocol.swift */,
			);
			path = Protocols;
			sourceTree = "<group>";
		};
		3899855C2B2B9B94000DE664 /* Movie */ = {
			isa = PBXGroup;
			children = (
				3899855D2B2B9BFE000DE664 /* MovieViewController.swift */,
				3899855F2B2B9E2F000DE664 /* MovieViewModel.swift */,
				389985632B349E8C000DE664 /* MovieCells.swift */,
				38FB34F72B40BFA200E9DA40 /* MovieDetailEndpoint.swift */,
				38FB34FD2B459F3600E9DA40 /* MovieDetailModel.swift */,
			);
			path = Movie;
			sourceTree = "<group>";
		};
		38FB35072B4EEA8100E9DA40 /* ActorMovies */ = {
			isa = PBXGroup;
			children = (
				38FB35082B4EEBAB00E9DA40 /* ActorMoviesViewController.swift */,
				38FB350A2B4EEBF800E9DA40 /* ActorMovieViewModel.swift */,
			);
			path = ActorMovies;
			sourceTree = "<group>";
		};
/* End PBXGroup section */

/* Begin PBXNativeTarget section */
		382923A02B1B271C00783A11 /* MovieApp */ = {
			isa = PBXNativeTarget;
			buildConfigurationList = 382923B52B1B271E00783A11 /* Build configuration list for PBXNativeTarget "MovieApp" */;
			buildPhases = (
				3829239D2B1B271C00783A11 /* Sources */,
				3829239E2B1B271C00783A11 /* Frameworks */,
				3829239F2B1B271C00783A11 /* Resources */,
			);
			buildRules = (
			);
			dependencies = (
			);
			name = MovieApp;
			packageProductDependencies = (
				38149F442B1F60710001E48E /* Alamofire */,
				38149F472B1F607F0001E48E /* SnapKit */,
				38149F492B1F607F0001E48E /* SnapKit-Dynamic */,
				38149F4C2B1F608A0001E48E /* Kingfisher */,
				38149F582B20CF960001E48E /* Kingfisher */,
				38149F5A2B20D3480001E48E /* Kingfisher */,
			);
			productName = MovieApp;
			productReference = 382923A12B1B271C00783A11 /* MovieApp.app */;
			productType = "com.apple.product-type.application";
		};
/* End PBXNativeTarget section */

/* Begin PBXProject section */
		382923992B1B271C00783A11 /* Project object */ = {
			isa = PBXProject;
			attributes = {
				BuildIndependentTargetsInParallel = 1;
				LastSwiftUpdateCheck = 1500;
				LastUpgradeCheck = 1500;
				TargetAttributes = {
					382923A02B1B271C00783A11 = {
						CreatedOnToolsVersion = 15.0.1;
					};
				};
			};
			buildConfigurationList = 3829239C2B1B271C00783A11 /* Build configuration list for PBXProject "MovieApp" */;
			compatibilityVersion = "Xcode 14.0";
			developmentRegion = en;
			hasScannedForEncodings = 0;
			knownRegions = (
				en,
				Base,
			);
			mainGroup = 382923982B1B271C00783A11;
			packageReferences = (
				38149F432B1F60710001E48E /* XCRemoteSwiftPackageReference "Alamofire" */,
				38149F462B1F607F0001E48E /* XCRemoteSwiftPackageReference "SnapKit" */,
				38149F4B2B1F608A0001E48E /* XCRemoteSwiftPackageReference "Kingfisher" */,
			);
			productRefGroup = 382923A22B1B271C00783A11 /* Products */;
			projectDirPath = "";
			projectRoot = "";
			targets = (
				382923A02B1B271C00783A11 /* MovieApp */,
			);
		};
/* End PBXProject section */

/* Begin PBXResourcesBuildPhase section */
		3829239F2B1B271C00783A11 /* Resources */ = {
			isa = PBXResourcesBuildPhase;
			buildActionMask = 2147483647;
			files = (
				382923AE2B1B271E00783A11 /* Assets.xcassets in Resources */,
			);
			runOnlyForDeploymentPostprocessing = 0;
		};
/* End PBXResourcesBuildPhase section */

/* Begin PBXSourcesBuildPhase section */
		3829239D2B1B271C00783A11 /* Sources */ = {
			isa = PBXSourcesBuildPhase;
			buildActionMask = 2147483647;
			files = (
				38E29E752B3C2ED50087735B /* MovieSearchProtocol.swift in Sources */,
				38149F512B1F61A20001E48E /* MovieModels.swift in Sources */,
				389985642B349E8C000DE664 /* MovieCells.swift in Sources */,
				38149F572B1FBE470001E48E /* HomeViewModel.swift in Sources */,
				387664EF2B2A09900057789B /* ActorManager.swift in Sources */,
				387664F32B2A0C830057789B /* MovieListProtocol.swift in Sources */,
				38FB34FC2B41BBF500E9DA40 /* CastModel.swift in Sources */,
				387664E92B2655C10057789B /* SearchCollectionCell.swift in Sources */,
				387664E52B2653380057789B /* SearchViewController.swift in Sources */,
				38FB35062B47463E00E9DA40 /* MovieDetailManager.swift in Sources */,
				38149F382B1F59DC0001E48E /* TabViewController.swift in Sources */,
				387664DE2B2374A70057789B /* ActorViewController.swift in Sources */,
				387664E72B2655A90057789B /* SearchViewModel.swift in Sources */,
				382923B92B1B2D1A00783A11 /* HomeViewController.swift in Sources */,
				387664942B2107EA0057789B /* NetworkHelper.swift in Sources */,
				38FB350B2B4EEBF800E9DA40 /* ActorMovieViewModel.swift in Sources */,
				38E29E792B3C2FD80087735B /* ActorEndpoints.swift in Sources */,
				38149F3C2B1F5A1B0001E48E /* ProfileViewController.swift in Sources */,
				387664F12B2A09A40057789B /* ActorListProtocol.swift in Sources */,
				38149F4F2B1F61320001E48E /* NetworkManager.swift in Sources */,
				387664F52B2A0DC90057789B /* HomeManager.swift in Sources */,
				387664E02B2375920057789B /* ActorViewModel.swift in Sources */,
				38149F552B1FBBD00001E48E /* ImageLabelCell.swift in Sources */,
				38149F422B1F5BFA0001E48E /* Extension.swift in Sources */,
				387664E22B23794F0057789B /* People.swift in Sources */,
				3899855E2B2B9BFE000DE664 /* MovieViewController.swift in Sources */,
				38FB34F82B40BFA200E9DA40 /* MovieDetailEndpoint.swift in Sources */,
				38E29E772B3C2F070087735B /* HomeEndpoints.swift in Sources */,
				389985602B2B9E2F000DE664 /* MovieViewModel.swift in Sources */,
				38FB35042B47365700E9DA40 /* CastProtocol.swift in Sources */,
				38FB35092B4EEBAB00E9DA40 /* ActorMoviesViewController.swift in Sources */,
				38149F532B1FBB630001E48E /* HomeCollectionViewCell.swift in Sources */,
				38E29E7B2B3C30020087735B /* SearchEndpoints.swift in Sources */,
				38149F3A2B1F5A080001E48E /* FavoriteViewController.swift in Sources */,
				382923A52B1B271C00783A11 /* AppDelegate.swift in Sources */,
				38FB34FE2B459F3700E9DA40 /* MovieDetailModel.swift in Sources */,
				38FB35022B47362100E9DA40 /* CastManager.swift in Sources */,
				38E29E732B3C2EAF0087735B /* MovieDetailsProtocol.swift in Sources */,
			);
			runOnlyForDeploymentPostprocessing = 0;
		};
/* End PBXSourcesBuildPhase section */

/* Begin XCBuildConfiguration section */
		382923B32B1B271E00783A11 /* Debug */ = {
			isa = XCBuildConfiguration;
			buildSettings = {
				ALWAYS_SEARCH_USER_PATHS = NO;
				ASSETCATALOG_COMPILER_GENERATE_SWIFT_ASSET_SYMBOL_EXTENSIONS = YES;
				CLANG_ANALYZER_NONNULL = YES;
				CLANG_ANALYZER_NUMBER_OBJECT_CONVERSION = YES_AGGRESSIVE;
				CLANG_CXX_LANGUAGE_STANDARD = "gnu++20";
				CLANG_ENABLE_MODULES = YES;
				CLANG_ENABLE_OBJC_ARC = YES;
				CLANG_ENABLE_OBJC_WEAK = YES;
				CLANG_WARN_BLOCK_CAPTURE_AUTORELEASING = YES;
				CLANG_WARN_BOOL_CONVERSION = YES;
				CLANG_WARN_COMMA = YES;
				CLANG_WARN_CONSTANT_CONVERSION = YES;
				CLANG_WARN_DEPRECATED_OBJC_IMPLEMENTATIONS = YES;
				CLANG_WARN_DIRECT_OBJC_ISA_USAGE = YES_ERROR;
				CLANG_WARN_DOCUMENTATION_COMMENTS = YES;
				CLANG_WARN_EMPTY_BODY = YES;
				CLANG_WARN_ENUM_CONVERSION = YES;
				CLANG_WARN_INFINITE_RECURSION = YES;
				CLANG_WARN_INT_CONVERSION = YES;
				CLANG_WARN_NON_LITERAL_NULL_CONVERSION = YES;
				CLANG_WARN_OBJC_IMPLICIT_RETAIN_SELF = YES;
				CLANG_WARN_OBJC_LITERAL_CONVERSION = YES;
				CLANG_WARN_OBJC_ROOT_CLASS = YES_ERROR;
				CLANG_WARN_QUOTED_INCLUDE_IN_FRAMEWORK_HEADER = YES;
				CLANG_WARN_RANGE_LOOP_ANALYSIS = YES;
				CLANG_WARN_STRICT_PROTOTYPES = YES;
				CLANG_WARN_SUSPICIOUS_MOVE = YES;
				CLANG_WARN_UNGUARDED_AVAILABILITY = YES_AGGRESSIVE;
				CLANG_WARN_UNREACHABLE_CODE = YES;
				CLANG_WARN__DUPLICATE_METHOD_MATCH = YES;
				COPY_PHASE_STRIP = NO;
				DEBUG_INFORMATION_FORMAT = dwarf;
				ENABLE_STRICT_OBJC_MSGSEND = YES;
				ENABLE_TESTABILITY = YES;
				ENABLE_USER_SCRIPT_SANDBOXING = YES;
				GCC_C_LANGUAGE_STANDARD = gnu17;
				GCC_DYNAMIC_NO_PIC = NO;
				GCC_NO_COMMON_BLOCKS = YES;
				GCC_OPTIMIZATION_LEVEL = 0;
				GCC_PREPROCESSOR_DEFINITIONS = (
					"DEBUG=1",
					"$(inherited)",
				);
				GCC_WARN_64_TO_32_BIT_CONVERSION = YES;
				GCC_WARN_ABOUT_RETURN_TYPE = YES_ERROR;
				GCC_WARN_UNDECLARED_SELECTOR = YES;
				GCC_WARN_UNINITIALIZED_AUTOS = YES_AGGRESSIVE;
				GCC_WARN_UNUSED_FUNCTION = YES;
				GCC_WARN_UNUSED_VARIABLE = YES;
				IPHONEOS_DEPLOYMENT_TARGET = 17.0;
				LOCALIZATION_PREFERS_STRING_CATALOGS = YES;
				MTL_ENABLE_DEBUG_INFO = INCLUDE_SOURCE;
				MTL_FAST_MATH = YES;
				ONLY_ACTIVE_ARCH = YES;
				SDKROOT = iphoneos;
				SWIFT_ACTIVE_COMPILATION_CONDITIONS = "DEBUG $(inherited)";
				SWIFT_OPTIMIZATION_LEVEL = "-Onone";
			};
			name = Debug;
		};
		382923B42B1B271E00783A11 /* Release */ = {
			isa = XCBuildConfiguration;
			buildSettings = {
				ALWAYS_SEARCH_USER_PATHS = NO;
				ASSETCATALOG_COMPILER_GENERATE_SWIFT_ASSET_SYMBOL_EXTENSIONS = YES;
				CLANG_ANALYZER_NONNULL = YES;
				CLANG_ANALYZER_NUMBER_OBJECT_CONVERSION = YES_AGGRESSIVE;
				CLANG_CXX_LANGUAGE_STANDARD = "gnu++20";
				CLANG_ENABLE_MODULES = YES;
				CLANG_ENABLE_OBJC_ARC = YES;
				CLANG_ENABLE_OBJC_WEAK = YES;
				CLANG_WARN_BLOCK_CAPTURE_AUTORELEASING = YES;
				CLANG_WARN_BOOL_CONVERSION = YES;
				CLANG_WARN_COMMA = YES;
				CLANG_WARN_CONSTANT_CONVERSION = YES;
				CLANG_WARN_DEPRECATED_OBJC_IMPLEMENTATIONS = YES;
				CLANG_WARN_DIRECT_OBJC_ISA_USAGE = YES_ERROR;
				CLANG_WARN_DOCUMENTATION_COMMENTS = YES;
				CLANG_WARN_EMPTY_BODY = YES;
				CLANG_WARN_ENUM_CONVERSION = YES;
				CLANG_WARN_INFINITE_RECURSION = YES;
				CLANG_WARN_INT_CONVERSION = YES;
				CLANG_WARN_NON_LITERAL_NULL_CONVERSION = YES;
				CLANG_WARN_OBJC_IMPLICIT_RETAIN_SELF = YES;
				CLANG_WARN_OBJC_LITERAL_CONVERSION = YES;
				CLANG_WARN_OBJC_ROOT_CLASS = YES_ERROR;
				CLANG_WARN_QUOTED_INCLUDE_IN_FRAMEWORK_HEADER = YES;
				CLANG_WARN_RANGE_LOOP_ANALYSIS = YES;
				CLANG_WARN_STRICT_PROTOTYPES = YES;
				CLANG_WARN_SUSPICIOUS_MOVE = YES;
				CLANG_WARN_UNGUARDED_AVAILABILITY = YES_AGGRESSIVE;
				CLANG_WARN_UNREACHABLE_CODE = YES;
				CLANG_WARN__DUPLICATE_METHOD_MATCH = YES;
				COPY_PHASE_STRIP = NO;
				DEBUG_INFORMATION_FORMAT = "dwarf-with-dsym";
				ENABLE_NS_ASSERTIONS = NO;
				ENABLE_STRICT_OBJC_MSGSEND = YES;
				ENABLE_USER_SCRIPT_SANDBOXING = YES;
				GCC_C_LANGUAGE_STANDARD = gnu17;
				GCC_NO_COMMON_BLOCKS = YES;
				GCC_WARN_64_TO_32_BIT_CONVERSION = YES;
				GCC_WARN_ABOUT_RETURN_TYPE = YES_ERROR;
				GCC_WARN_UNDECLARED_SELECTOR = YES;
				GCC_WARN_UNINITIALIZED_AUTOS = YES_AGGRESSIVE;
				GCC_WARN_UNUSED_FUNCTION = YES;
				GCC_WARN_UNUSED_VARIABLE = YES;
				IPHONEOS_DEPLOYMENT_TARGET = 17.0;
				LOCALIZATION_PREFERS_STRING_CATALOGS = YES;
				MTL_ENABLE_DEBUG_INFO = NO;
				MTL_FAST_MATH = YES;
				SDKROOT = iphoneos;
				SWIFT_COMPILATION_MODE = wholemodule;
				VALIDATE_PRODUCT = YES;
			};
			name = Release;
		};
		382923B62B1B271E00783A11 /* Debug */ = {
			isa = XCBuildConfiguration;
			buildSettings = {
				ASSETCATALOG_COMPILER_APPICON_NAME = AppIcon;
				ASSETCATALOG_COMPILER_GLOBAL_ACCENT_COLOR_NAME = AccentColor;
				CODE_SIGN_STYLE = Automatic;
				CURRENT_PROJECT_VERSION = 1;
				GENERATE_INFOPLIST_FILE = YES;
				INFOPLIST_FILE = MovieApp/Info.plist;
				INFOPLIST_KEY_UIApplicationSupportsIndirectInputEvents = YES;
				INFOPLIST_KEY_UILaunchStoryboardName = LaunchScreen;
				INFOPLIST_KEY_UISupportedInterfaceOrientations_iPad = "UIInterfaceOrientationPortrait UIInterfaceOrientationPortraitUpsideDown UIInterfaceOrientationLandscapeLeft UIInterfaceOrientationLandscapeRight";
				INFOPLIST_KEY_UISupportedInterfaceOrientations_iPhone = "UIInterfaceOrientationPortrait UIInterfaceOrientationLandscapeLeft UIInterfaceOrientationLandscapeRight";
				LD_RUNPATH_SEARCH_PATHS = (
					"$(inherited)",
					"@executable_path/Frameworks",
				);
				MARKETING_VERSION = 1.0;
				PRODUCT_BUNDLE_IDENTIFIER = com.ilaha.MovieApp;
				PRODUCT_NAME = "$(TARGET_NAME)";
				SWIFT_EMIT_LOC_STRINGS = YES;
				SWIFT_VERSION = 5.0;
				TARGETED_DEVICE_FAMILY = "1,2";
			};
			name = Debug;
		};
		382923B72B1B271E00783A11 /* Release */ = {
			isa = XCBuildConfiguration;
			buildSettings = {
				ASSETCATALOG_COMPILER_APPICON_NAME = AppIcon;
				ASSETCATALOG_COMPILER_GLOBAL_ACCENT_COLOR_NAME = AccentColor;
				CODE_SIGN_STYLE = Automatic;
				CURRENT_PROJECT_VERSION = 1;
				GENERATE_INFOPLIST_FILE = YES;
				INFOPLIST_FILE = MovieApp/Info.plist;
				INFOPLIST_KEY_UIApplicationSupportsIndirectInputEvents = YES;
				INFOPLIST_KEY_UILaunchStoryboardName = LaunchScreen;
				INFOPLIST_KEY_UISupportedInterfaceOrientations_iPad = "UIInterfaceOrientationPortrait UIInterfaceOrientationPortraitUpsideDown UIInterfaceOrientationLandscapeLeft UIInterfaceOrientationLandscapeRight";
				INFOPLIST_KEY_UISupportedInterfaceOrientations_iPhone = "UIInterfaceOrientationPortrait UIInterfaceOrientationLandscapeLeft UIInterfaceOrientationLandscapeRight";
				LD_RUNPATH_SEARCH_PATHS = (
					"$(inherited)",
					"@executable_path/Frameworks",
				);
				MARKETING_VERSION = 1.0;
				PRODUCT_BUNDLE_IDENTIFIER = com.ilaha.MovieApp;
				PRODUCT_NAME = "$(TARGET_NAME)";
				SWIFT_EMIT_LOC_STRINGS = YES;
				SWIFT_VERSION = 5.0;
				TARGETED_DEVICE_FAMILY = "1,2";
			};
			name = Release;
		};
/* End XCBuildConfiguration section */

/* Begin XCConfigurationList section */
		3829239C2B1B271C00783A11 /* Build configuration list for PBXProject "MovieApp" */ = {
			isa = XCConfigurationList;
			buildConfigurations = (
				382923B32B1B271E00783A11 /* Debug */,
				382923B42B1B271E00783A11 /* Release */,
			);
			defaultConfigurationIsVisible = 0;
			defaultConfigurationName = Release;
		};
		382923B52B1B271E00783A11 /* Build configuration list for PBXNativeTarget "MovieApp" */ = {
			isa = XCConfigurationList;
			buildConfigurations = (
				382923B62B1B271E00783A11 /* Debug */,
				382923B72B1B271E00783A11 /* Release */,
			);
			defaultConfigurationIsVisible = 0;
			defaultConfigurationName = Release;
		};
/* End XCConfigurationList section */

/* Begin XCRemoteSwiftPackageReference section */
		38149F432B1F60710001E48E /* XCRemoteSwiftPackageReference "Alamofire" */ = {
			isa = XCRemoteSwiftPackageReference;
			repositoryURL = "https://github.com/Alamofire/Alamofire.git";
			requirement = {
				kind = upToNextMajorVersion;
				minimumVersion = 5.8.1;
			};
		};
		38149F462B1F607F0001E48E /* XCRemoteSwiftPackageReference "SnapKit" */ = {
			isa = XCRemoteSwiftPackageReference;
			repositoryURL = "https://github.com/SnapKit/SnapKit.git";
			requirement = {
				kind = upToNextMajorVersion;
				minimumVersion = 5.6.0;
			};
		};
		38149F4B2B1F608A0001E48E /* XCRemoteSwiftPackageReference "Kingfisher" */ = {
			isa = XCRemoteSwiftPackageReference;
			repositoryURL = "https://github.com/onevcat/Kingfisher.git";
			requirement = {
				kind = upToNextMajorVersion;
				minimumVersion = 7.10.0;
			};
		};
/* End XCRemoteSwiftPackageReference section */

/* Begin XCSwiftPackageProductDependency section */
		38149F442B1F60710001E48E /* Alamofire */ = {
			isa = XCSwiftPackageProductDependency;
			package = 38149F432B1F60710001E48E /* XCRemoteSwiftPackageReference "Alamofire" */;
			productName = Alamofire;
		};
		38149F472B1F607F0001E48E /* SnapKit */ = {
			isa = XCSwiftPackageProductDependency;
			package = 38149F462B1F607F0001E48E /* XCRemoteSwiftPackageReference "SnapKit" */;
			productName = SnapKit;
		};
		38149F492B1F607F0001E48E /* SnapKit-Dynamic */ = {
			isa = XCSwiftPackageProductDependency;
			package = 38149F462B1F607F0001E48E /* XCRemoteSwiftPackageReference "SnapKit" */;
			productName = "SnapKit-Dynamic";
		};
		38149F4C2B1F608A0001E48E /* Kingfisher */ = {
			isa = XCSwiftPackageProductDependency;
			package = 38149F4B2B1F608A0001E48E /* XCRemoteSwiftPackageReference "Kingfisher" */;
			productName = Kingfisher;
		};
		38149F582B20CF960001E48E /* Kingfisher */ = {
			isa = XCSwiftPackageProductDependency;
			package = 38149F4B2B1F608A0001E48E /* XCRemoteSwiftPackageReference "Kingfisher" */;
			productName = Kingfisher;
		};
		38149F5A2B20D3480001E48E /* Kingfisher */ = {
			isa = XCSwiftPackageProductDependency;
			package = 38149F4B2B1F608A0001E48E /* XCRemoteSwiftPackageReference "Kingfisher" */;
			productName = Kingfisher;
		};
/* End XCSwiftPackageProductDependency section */
	};
	rootObject = 382923992B1B271C00783A11 /* Project object */;
}
